{
  "name": "netpulse",
  "version": "1.0.0",
  "lockfileVersion": 3,
  "requires": true,
  "packages": {
    "": {
      "name": "netpulse",
      "version": "1.0.0",
      "license": "MIT",
      "dependencies": {
        "arpjs": "^1.2.0",
        "asciichart": "^1.5.25",
        "cap": "^0.2.1",
        "chalk": "^4.1.2",
        "dns-socket": "^4.2.2",
        "netmask": "^2.1.1",
        "systeminformation": "^5.31.5"
      },
      "bin": {
        "netpulse": "bin/netpulse.js"
      },
      "engines": {
        "node": ">=14"
      }
    },
    "node_modules/@leichtgewicht/ip-codec": {
      "version": "2.0.5",
      "resolved": "https://registry.npmjs.org/@leichtgewicht/ip-codec/-/ip-codec-2.0.5.tgz",
      "integrity": "sha512-Vo+PSpZG2/fmgmiNzYK9qWRh8h/CHrwD0mo1h1DzL4yzHNSfWYujGTYsWGreD000gcgmZ7K4Ys6Tx9TxtsKdDw==",
      "license": "MIT"
    },
    "node_modules/@types/node": {
      "version": "10.17.60",
      "resolved": "https://registry.npmjs.org/@types/node/-/node-10.17.60.tgz",
      "integrity": "sha512-F0KIgDJfy2nA3zMLmWGKxcH2ZVEtCZXHHdOQs2gSaQ27+lNeEfGxzkIw90aXswATX7AZ33tahPbzy6KAfUreVw==",
      "license": "MIT"
    },
    "node_modules/ansi-styles": {
      "version": "4.3.0",
      "resolved": "https://registry.npmjs.org/ansi-styles/-/ansi-styles-4.3.0.tgz",
      "integrity": "sha512-zbB9rCJAT1rbjiVDb2hqKFHNYLxgtk8NURxZ3IZwD3F6NtxbXZQCnnSi1Lkx+IDohdPlFp222wVALIheZJQSEg==",
      "license": "MIT",
      "dependencies": {
        "color-convert": "^2.0.1"
      },
      "engines": {
        "node": ">=8"
      },
      "funding": {
        "url": "https://github.com/chalk/ansi-styles?sponsor=1"
      }
    },
    "node_modules/arpjs": {
      "version": "1.2.0",
      "resolved": "https://registry.npmjs.org/arpjs/-/arpjs-1.2.0.tgz",
      "integrity": "sha512-J3r3rm4lBFV5fpEwyR3nT74BJ4/nBg/DCrX4iESTO8uFmYYvhd/186H8uz3ple+EwvN0V+SOq+jcmhULqVC+OQ==",
      "license": "MIT",
      "dependencies": {
        "debug": "^3.1.0",
        "getmac": "1.0.7",
        "ip": "1.0.2",
        "pcap": "github:mranney/node_pcap"
      },
      "engines": {
        "node": ">= 0.8.0"
      }
    },
    "node_modules/asciichart": {
      "version": "1.5.25",
      "resolved": "https://registry.npmjs.org/asciichart/-/asciichart-1.5.25.tgz",
      "integrity": "sha512-PNxzXIPPOtWq8T7bgzBtk9cI2lgS4SJZthUHEiQ1aoIc3lNzGfUvIvo9LiAnq26TACo9t1/4qP6KTGAUbzX9Xg==",
      "license": "MIT"
    },
    "node_modules/cap": {
      "version": "0.2.1",
      "resolved": "https://registry.npmjs.org/cap/-/cap-0.2.1.tgz",
      "integrity": "sha512-0n10YndTkI4V+rsPVvYFdqlA0Bjf8NFlP/Wgp0W0ymudkijuqkmSVdIWigFe2YdPhjjxTJdW9Mu5ee4VwB0L+A==",
      "hasInstallScript": true,
      "dependencies": {
        "nan": "^2.14.0"
      },
      "engines": {
        "node": ">=4.0.0"
      }
    },
    "node_modules/chalk": {
      "version": "4.1.2",
      "resolved": "https://registry.npmjs.org/chalk/-/chalk-4.1.2.tgz",
      "integrity": "sha512-oKnbhFyRIXpUuez8iBMmyEa4nbj4IOQyuhc/wy9kY7/WVPcwIO9VA668Pu8RkO7+0G76SLROeyw9CpQ061i4mA==",
      "license": "MIT",
      "dependencies": {
        "ansi-styles": "^4.1.0",
        "supports-color": "^7.1.0"
      },
      "engines": {
        "node": ">=10"
      },
      "funding": {
        "url": "https://github.com/chalk/chalk?sponsor=1"
      }
    },
    "node_modules/color-convert": {
      "version": "2.0.1",
      "resolved": "https://registry.npmjs.org/color-convert/-/color-convert-2.0.1.tgz",
      "integrity": "sha512-RRECPsj7iu/xb5oKYcsFHSppFNnsj/52OVTRKb4zP5onXwVF3zVmmToNcOfGC+CRDpfK/U584fMg38ZHCaElKQ==",
      "license": "MIT",
      "dependencies": {
        "color-name": "~1.1.4"
      },
      "engines": {
        "node": ">=7.0.0"
      }
    },
    "node_modules/color-name": {
      "version": "1.1.4",
      "resolved": "https://registry.npmjs.org/color-name/-/color-name-1.1.4.tgz",
      "integrity": "sha512-dOy+3AuW3a2wNbZHIuMZpTcgjGuLU/uBL/ubcZF9OXbDo8ff4O8yVp5Bf0efS8uEoYo5q4Fx7dY9OgQGXgAsQA==",
      "license": "MIT"
    },
    "node_modules/debug": {
      "version": "3.2.7",
      "resolved": "https://registry.npmjs.org/debug/-/debug-3.2.7.tgz",
      "integrity": "sha512-CFjzYYAi4ThfiQvizrFQevTTXHtnCqWfe7x1AhgEscTz6ZbLbfoLRLPugTQyBth6f8ZERVUSyWHFD/7Wu4t1XQ==",
      "license": "MIT",
      "dependencies": {
        "ms": "^2.1.1"
      }
    },
    "node_modules/dns-packet": {
      "version": "5.6.1",
      "resolved": "https://registry.npmjs.org/dns-packet/-/dns-packet-5.6.1.tgz",
      "integrity": "sha512-l4gcSouhcgIKRvyy99RNVOgxXiicE+2jZoNmaNmZ6JXiGajBOJAesk1OBlJuM5k2c+eudGdLxDqXuPCKIj6kpw==",
      "license": "MIT",
      "dependencies": {
        "@leichtgewicht/ip-codec": "^2.0.1"
      },
      "engines": {
        "node": ">=6"
      }
    },
    "node_modules/dns-socket": {
      "version": "4.2.2",
      "resolved": "https://registry.npmjs.org/dns-socket/-/dns-socket-4.2.2.tgz",
      "integrity": "sha512-BDeBd8najI4/lS00HSKpdFia+OvUMytaVjfzR9n5Lq8MlZRSvtbI+uLtx1+XmQFls5wFU9dssccTmQQ6nfpjdg==",
      "license": "MIT",
      "dependencies": {
        "dns-packet": "^5.2.4"
      },
      "engines": {
        "node": ">=6"
      }
    },
    "node_modules/extract-opts": {
      "version": "2.2.0",
      "resolved": "https://registry.npmjs.org/extract-opts/-/extract-opts-2.2.0.tgz",
      "integrity": "sha512-6DLdrGn/6m2K0Rf/sMnFi/WqB5WPBeFR2nxpi2iwsf+PnXFuiz+5m0+m0YOcfFEoV4vFxl4kxZj8OG45vMp+pw==",
      "dependencies": {
        "typechecker": "~2.0.1"
      },
      "engines": {
        "node": ">=0.4"
      }
    },
    "node_modules/getmac": {
      "version": "1.0.7",
      "resolved": "https://registry.npmjs.org/getmac/-/getmac-1.0.7.tgz",
      "integrity": "sha512-Cl7xiGwKwy8zP21gSPCG9Y8CpSBp1zbcj54sKE1D8P4LSidP1/Sj4dWlgpr/CW6KWkQbj9q4EgfBhLOtYP1ndw==",
      "license": "MIT",
      "dependencies": {
        "extract-opts": "^2.2.0"
      },
      "bin": {
        "getmac-node": "bin/getmac-node"
      },
      "engines": {
        "node": ">=0.4"
      }
    },
    "node_modules/has-flag": {
      "version": "4.0.0",
      "resolved": "https://registry.npmjs.org/has-flag/-/has-flag-4.0.0.tgz",
      "integrity": "sha512-EykJT/Q1KjTWctppgIAgfSO0tKVuZUjhgMr17kqTumMl6Afv3EISleU7qZUzoXDFTAHTDC4NOoG/ZxU3EvlMPQ==",
      "license": "MIT",
      "engines": {
        "node": ">=8"
      }
    },
    "node_modules/ip": {
      "version": "1.0.2",
      "resolved": "https://registry.npmjs.org/ip/-/ip-1.0.2.tgz",
      "integrity": "sha512-NWuHbgjA6fzQXBwyTdTRHlOMRUbRV8M6/Xq67IArDcJPu53cVpJ3DKvicFWdHCM+L+D+iaYqSYBOEOvhjZfaRw==",
      "license": "MIT"
    },
    "node_modules/ms": {
      "version": "2.1.3",
      "resolved": "https://registry.npmjs.org/ms/-/ms-2.1.3.tgz",
      "integrity": "sha512-6FlzubTLZG3J2a/NVCAleEhjzq5oxgHyaCU9yYXvcLsvoVaHJq/s5xXI6/XXP6tz7R9xAOtHnSO/tXtF3WRTlA==",
      "license": "MIT"
    },
    "node_modules/nan": {
      "version": "2.26.2",
      "resolved": "https://registry.npmjs.org/nan/-/nan-2.26.2.tgz",
      "integrity": "sha512-0tTvBTYkt3tdGw22nrAy50x7gpbGCCFH3AFcyS5WiUu7Eu4vWlri1woE6qHBSfy11vksDqkiwjOnlR7WV8G1Hw==",
      "license": "MIT"
    },
    "node_modules/netmask": {
      "version": "2.1.1",
      "resolved": "https://registry.npmjs.org/netmask/-/netmask-2.1.1.tgz",
      "integrity": "sha512-eonl3sLUha+S1GzTPxychyhnUzKyeQkZ7jLjKrBagJgPla13F+uQ71HgpFefyHgqrjEbCPkDArxYsjY8/+gLKA==",
      "license": "MIT",
      "engines": {
        "node": ">= 0.4.0"
      }
    },
    "node_modules/pcap": {
      "version": "3.1.0",
      "resolved": "git+ssh://git@github.com/mranney/node_pcap.git#5a88ce16b4e83cd7120008c993ed2c59de55f50c",
      "hasInstallScript": true,
      "license": "MIT",
      "dependencies": {
        "@types/node": "^10.0.0",
        "nan": "^2.14.0"
      },
      "engines": {
        "node": ">=10.0.0"
      }
    },
    "node_modules/supports-color": {
      "version": "7.2.0",
      "resolved": "https://registry.npmjs.org/supports-color/-/supports-color-7.2.0.tgz",
      "integrity": "sha512-qpCAvRl9stuOHveKsn7HncJRvv501qIacKzQlO/+Lwxc9+0q2wLyv4Dfvt80/DPn2pqOBsJdDiogXGR9+OvwRw==",
      "license": "MIT",
      "dependencies": {
        "has-flag": "^4.0.0"
      },
      "engines": {
        "node": ">=8"
      }
    },
    "node_modules/systeminformation": {
      "version": "5.31.5",
      "resolved": "https://registry.npmjs.org/systeminformation/-/systeminformation-5.31.5.tgz",
      "integrity": "sha512-5SyLdip4/3alxD4Kh+63bUQTJmu7YMfYQTC+koZy7X73HgNqZSD2P4wOZQWtUncvPvcEmnfIjCoygN4MRoEejQ==",
      "license": "MIT",
      "os": [
        "darwin",
        "linux",
        "win32",
        "freebsd",
        "openbsd",
        "netbsd",
        "sunos",
        "android"
      ],
      "bin": {
        "systeminformation": "lib/cli.js"
      },
      "engines": {
        "node": ">=8.0.0"
      },
      "funding": {
        "type": "Buy me a coffee",
        "url": "https://www.buymeacoffee.com/systeminfo"
      }
    },
    "node_modules/typechecker": {
      "version": "2.0.8",
      "resolved": "https://registry.npmjs.org/typechecker/-/typechecker-2.0.8.tgz",
      "integrity": "sha512-7czjA7j/rc9zA/mTzsjD1yc41GIuARzFXIs69cc0PeMRu7uiGpQw4Cs83l/NjJj93PnSxeTZrOc2lDDLUmmpwg==",
      "hasInstallScript": true,
      "license": "MIT",
      "engines": {
        "node": ">=0.4"
      }
    }
  }
}
